
Microsoft Visual Studio Solution File, Format Version 12.00
# Visual Studio 2012
Project("{FAE04EC0-301F-11D3-BF4B-00C04F79EFBC}") = "SerialCommunication", "SerialCommunication\SerialCommunication.csproj", "{0484DB61-BF35-438B-B02A-08243EF3AFA8}"
EndProject
Project("{FAE04EC0-301F-11D3-BF4B-00C04F79EFBC}") = "INIFileTest", "INIFileTest\INIFileTest.csproj", "{D8AD913A-723B-4BAB-A8E5-A07FB8C26592}"
EndProject
Global
	GlobalSection(SolutionConfigurationPlatforms) = preSolution
		Debug|Any CPU = Debug|Any CPU
		Release|Any CPU = Release|Any CPU
	EndGlobalSection
	GlobalSection(ProjectConfigurationPlatforms) = postSolution
		{0484DB61-BF35-438B-B02A-08243EF3AFA8}.Debug|Any CPU.ActiveCfg = Debug|Any CPU
		{0484DB61-BF35-438B-B02A-08243EF3AFA8}.Debug|Any CPU.Build.0 = Debug|Any CPU
		{0484DB61-BF35-438B-B02A-08243EF3AFA8}.Release|Any CPU.ActiveCfg = Release|Any CPU
		{0484DB61-BF35-438B-B02A-08243EF3AFA8}.Release|Any CPU.Build.0 = Release|Any CPU
		{D8AD913A-723B-4BAB-A8E5-A07FB8C26592}.Debug|Any CPU.ActiveCfg = Debug|Any CPU
		{D8AD913A-723B-4BAB-A8E5-A07FB8C26592}.Debug|Any CPU.Build.0 = Debug|Any CPU
		{D8AD913A-723B-4BAB-A8E5-A07FB8C26592}.Release|Any CPU.ActiveCfg = Release|Any CPU
		{D8AD913A-723B-4BAB-A8E5-A07FB8C26592}.Release|Any CPU.Build.0 = Release|Any CPU
	EndGlobalSection
	GlobalSection(SolutionProperties) = preSolution
		HideSolutionNode = FALSE
	EndGlobalSection
EndGlobal
